{
  "version": 4,
  "terraform_version": "1.9.3",
  "serial": 9,
  "lineage": "4519f6e2-08cd-a144-1aa6-4c15db369162",
  "outputs": {},
  "resources": [
    {
      "mode": "managed",
      "type": "github_repository",
      "name": "terraform_firstrepo",
      "provider": "provider[\"registry.terraform.io/hashicorp/github\"]",
      "instances": [
        {
          "schema_version": 1,
          "attributes": {
            "allow_auto_merge": false,
            "allow_merge_commit": true,
            "allow_rebase_merge": true,
            "allow_squash_merge": true,
            "allow_update_branch": false,
            "archive_on_destroy": null,
            "archived": false,
            "auto_init": true,
            "default_branch": "main",
            "delete_branch_on_merge": false,
            "description": "Integrate and Github repocreation",
            "etag": "W/\"b35a1deac9b6c96b11f85d0a4cbe5c2c553d6f02a2b0cddf6f07d60cf598e5aa\"",
            "full_name": "sohail2460/github_first_repocreation",
            "git_clone_url": "git://github.com/sohail2460/github_first_repocreation.git",
            "gitignore_template": null,
            "has_discussions": false,
            "has_downloads": false,
            "has_issues": false,
            "has_projects": false,
            "has_wiki": false,
            "homepage_url": "",
            "html_url": "https://github.com/sohail2460/github_first_repocreation",
            "http_clone_url": "https://github.com/sohail2460/github_first_repocreation.git",
            "id": "github_first_repocreation",
            "ignore_vulnerability_alerts_during_read": null,
            "is_template": false,
            "license_template": null,
            "merge_commit_message": "PR_TITLE",
            "merge_commit_title": "MERGE_MESSAGE",
            "name": "github_first_repocreation",
            "node_id": "R_kgDOMd6nvw",
            "pages": [],
            "primary_language": "",
            "private": false,
            "repo_id": 836675519,
            "security_and_analysis": [
              {
                "advanced_security": [],
                "secret_scanning": [
                  {
                    "status": "enabled"
                  }
                ],
                "secret_scanning_push_protection": [
                  {
                    "status": "enabled"
                  }
                ]
              }
            ],
            "squash_merge_commit_message": "COMMIT_MESSAGES",
            "squash_merge_commit_title": "COMMIT_OR_PR_TITLE",
            "ssh_clone_url": "git@github.com:sohail2460/github_first_repocreation.git",
            "svn_url": "https://github.com/sohail2460/github_first_repocreation",
            "template": [],
            "topics": [],
            "visibility": "public",
            "vulnerability_alerts": false,
            "web_commit_signoff_required": false
          },
          "sensitive_attributes": [],
          "private": "eyJzY2hlbWFfdmVyc2lvbiI6IjEifQ=="
        }
      ]
    },
    {
      "mode": "managed",
      "type": "github_repository",
      "name": "terraform_secondrepo",
      "provider": "provider[\"registry.terraform.io/hashicorp/github\"]",
      "instances": [
        {
          "schema_version": 1,
          "attributes": {
            "allow_auto_merge": false,
            "allow_merge_commit": true,
            "allow_rebase_merge": true,
            "allow_squash_merge": true,
            "allow_update_branch": false,
            "archive_on_destroy": null,
            "archived": false,
            "auto_init": true,
            "default_branch": "main",
            "delete_branch_on_merge": false,
            "description": "Integrate and Github repocreation",
            "etag": "W/\"73ac172731f485b1e30a0d1d5828eb041938840fe73f0851d57f953afba5d5db\"",
            "full_name": "sohail2460/github_second_repocreation",
            "git_clone_url": "git://github.com/sohail2460/github_second_repocreation.git",
            "gitignore_template": null,
            "has_discussions": false,
            "has_downloads": false,
            "has_issues": false,
            "has_projects": false,
            "has_wiki": false,
            "homepage_url": "",
            "html_url": "https://github.com/sohail2460/github_second_repocreation",
            "http_clone_url": "https://github.com/sohail2460/github_second_repocreation.git",
            "id": "github_second_repocreation",
            "ignore_vulnerability_alerts_during_read": null,
            "is_template": false,
            "license_template": null,
            "merge_commit_message": "PR_TITLE",
            "merge_commit_title": "MERGE_MESSAGE",
            "name": "github_second_repocreation",
            "node_id": "R_kgDOMd6nrQ",
            "pages": [],
            "primary_language": "",
            "private": false,
            "repo_id": 836675501,
            "security_and_analysis": [
              {
                "advanced_security": [],
                "secret_scanning": [
                  {
                    "status": "enabled"
                  }
                ],
                "secret_scanning_push_protection": [
                  {
                    "status": "enabled"
                  }
                ]
              }
            ],
            "squash_merge_commit_message": "COMMIT_MESSAGES",
            "squash_merge_commit_title": "COMMIT_OR_PR_TITLE",
            "ssh_clone_url": "git@github.com:sohail2460/github_second_repocreation.git",
            "svn_url": "https://github.com/sohail2460/github_second_repocreation",
            "template": [],
            "topics": [],
            "visibility": "public",
            "vulnerability_alerts": false,
            "web_commit_signoff_required": false
          },
          "sensitive_attributes": [],
          "private": "eyJzY2hlbWFfdmVyc2lvbiI6IjEifQ=="
        }
      ]
    }
  ],
  "check_results": null
}
